
Microsoft Visual Studio Solution File, Format Version 12.00
# Visual Studio 15
VisualStudioVersion = 15.0.28010.2016
MinimumVisualStudioVersion = 10.0.40219.1
Project("{FAE04EC0-301F-11D3-BF4B-00C04F79EFBC}") = "week 14 interfaces", "week 14 interfaces\week 14 interfaces.csproj", "{77EC7702-366C-4C16-AB4B-5A4B22082C1A}"
EndProject
Global
	GlobalSection(SolutionConfigurationPlatforms) = preSolution
		Debug|Any CPU = Debug|Any CPU
		Release|Any CPU = Release|Any CPU
	EndGlobalSection
	GlobalSection(ProjectConfigurationPlatforms) = postSolution
		{77EC7702-366C-4C16-AB4B-5A4B22082C1A}.Debug|Any CPU.ActiveCfg = Debug|Any CPU
		{77EC7702-366C-4C16-AB4B-5A4B22082C1A}.Debug|Any CPU.Build.0 = Debug|Any CPU
		{77EC7702-366C-4C16-AB4B-5A4B22082C1A}.Release|Any CPU.ActiveCfg = Release|Any CPU
		{77EC7702-366C-4C16-AB4B-5A4B22082C1A}.Release|Any CPU.Build.0 = Release|Any CPU
	EndGlobalSection
	GlobalSection(SolutionProperties) = preSolution
		HideSolutionNode = FALSE
	EndGlobalSection
	GlobalSection(ExtensibilityGlobals) = postSolution
		SolutionGuid = {ABFCB4DE-17DE-4900-801B-5346DD0CB452}
	EndGlobalSection
EndGlobal
