
Microsoft Visual Studio Solution File, Format Version 12.00
# Visual Studio 15
VisualStudioVersion = 15.0.28010.2016
MinimumVisualStudioVersion = 10.0.40219.1
Project("{FAE04EC0-301F-11D3-BF4B-00C04F79EFBC}") = "week 2", "week 2\week 2.csproj", "{330BE97E-CE38-4261-81CB-27A5F72EAEC2}"
EndProject
Global
	GlobalSection(SolutionConfigurationPlatforms) = preSolution
		Debug|Any CPU = Debug|Any CPU
		Release|Any CPU = Release|Any CPU
	EndGlobalSection
	GlobalSection(ProjectConfigurationPlatforms) = postSolution
		{330BE97E-CE38-4261-81CB-27A5F72EAEC2}.Debug|Any CPU.ActiveCfg = Debug|Any CPU
		{330BE97E-CE38-4261-81CB-27A5F72EAEC2}.Debug|Any CPU.Build.0 = Debug|Any CPU
		{330BE97E-CE38-4261-81CB-27A5F72EAEC2}.Release|Any CPU.ActiveCfg = Release|Any CPU
		{330BE97E-CE38-4261-81CB-27A5F72EAEC2}.Release|Any CPU.Build.0 = Release|Any CPU
	EndGlobalSection
	GlobalSection(SolutionProperties) = preSolution
		HideSolutionNode = FALSE
	EndGlobalSection
	GlobalSection(ExtensibilityGlobals) = postSolution
		SolutionGuid = {4147622B-FA46-4210-9384-44B615A8D732}
	EndGlobalSection
EndGlobal
