
Microsoft Visual Studio Solution File, Format Version 12.00
# Visual Studio 15
VisualStudioVersion = 15.0.28010.2016
MinimumVisualStudioVersion = 10.0.40219.1
Project("{FAE04EC0-301F-11D3-BF4B-00C04F79EFBC}") = "week 11 web crawler", "week 11 web crawler\week 11 web crawler.csproj", "{8C990929-F42B-43A2-AA31-08639291B159}"
EndProject
Global
	GlobalSection(SolutionConfigurationPlatforms) = preSolution
		Debug|Any CPU = Debug|Any CPU
		Release|Any CPU = Release|Any CPU
	EndGlobalSection
	GlobalSection(ProjectConfigurationPlatforms) = postSolution
		{8C990929-F42B-43A2-AA31-08639291B159}.Debug|Any CPU.ActiveCfg = Debug|Any CPU
		{8C990929-F42B-43A2-AA31-08639291B159}.Debug|Any CPU.Build.0 = Debug|Any CPU
		{8C990929-F42B-43A2-AA31-08639291B159}.Release|Any CPU.ActiveCfg = Release|Any CPU
		{8C990929-F42B-43A2-AA31-08639291B159}.Release|Any CPU.Build.0 = Release|Any CPU
	EndGlobalSection
	GlobalSection(SolutionProperties) = preSolution
		HideSolutionNode = FALSE
	EndGlobalSection
	GlobalSection(ExtensibilityGlobals) = postSolution
		SolutionGuid = {CFFFDB9C-42D2-40DD-9EB4-7A71AD01A08D}
	EndGlobalSection
EndGlobal
