
Microsoft Visual Studio Solution File, Format Version 12.00
# Visual Studio 15
VisualStudioVersion = 15.0.28010.2016
MinimumVisualStudioVersion = 10.0.40219.1
Project("{FAE04EC0-301F-11D3-BF4B-00C04F79EFBC}") = "week 12 json and xml", "week 12 json and xml\week 12 json and xml.csproj", "{712D30D9-C7B4-43EA-A7C6-28E3E37C002E}"
EndProject
Global
	GlobalSection(SolutionConfigurationPlatforms) = preSolution
		Debug|Any CPU = Debug|Any CPU
		Release|Any CPU = Release|Any CPU
	EndGlobalSection
	GlobalSection(ProjectConfigurationPlatforms) = postSolution
		{712D30D9-C7B4-43EA-A7C6-28E3E37C002E}.Debug|Any CPU.ActiveCfg = Debug|Any CPU
		{712D30D9-C7B4-43EA-A7C6-28E3E37C002E}.Debug|Any CPU.Build.0 = Debug|Any CPU
		{712D30D9-C7B4-43EA-A7C6-28E3E37C002E}.Release|Any CPU.ActiveCfg = Release|Any CPU
		{712D30D9-C7B4-43EA-A7C6-28E3E37C002E}.Release|Any CPU.Build.0 = Release|Any CPU
	EndGlobalSection
	GlobalSection(SolutionProperties) = preSolution
		HideSolutionNode = FALSE
	EndGlobalSection
	GlobalSection(ExtensibilityGlobals) = postSolution
		SolutionGuid = {73A13A9E-8125-4ADC-A3F6-F6F5A6126F92}
	EndGlobalSection
EndGlobal
